{
  "version": 4,
  "terraform_version": "1.6.4",
  "serial": 29,
  "lineage": "5c622f20-08b2-8e9a-a887-3df93bdc01d0",
  "outputs": {},
  "resources": [
    {
      "mode": "managed",
      "type": "local_file",
      "name": "pet",
      "provider": "provider[\"registry.terraform.io/hashicorp/local\"]",
      "instances": [
        {
          "schema_version": 0,
          "attributes": {
            "content": "i hate biscuits",
            "content_base64": null,
            "content_base64sha256": "EfaIF5rzk3p6iguJJjrTFQAkgMrmnTpuVoB/YmgrHs4=",
            "content_base64sha512": "Z3mQaaLw1s4Zt/Ierqrxq+SWz7SRm5wySz5Vsb5ybeBi9OIYTiub77CYbcPwuMTI/M/erDcY+YgVrEZSMb8UhQ==",
            "content_md5": "274c993dd7db66dea723833150f47fda",
            "content_sha1": "8c5edb41951da1b249bd2e9b6f46ec6851020f53",
            "content_sha256": "11f688179af3937a7a8a0b89263ad315002480cae69d3a6e56807f62682b1ece",
            "content_sha512": "67799069a2f0d6ce19b7f21eaeaaf1abe496cfb4919b9c324b3e55b1be726de062f4e2184e2b9befb0986dc3f0b8c4c8fccfdeac3718f98815ac465231bf1485",
            "directory_permission": "0777",
            "file_permission": "0777",
            "filename": "ashnith.txt",
            "id": "8c5edb41951da1b249bd2e9b6f46ec6851020f53",
            "sensitive_content": null,
            "source": null
          },
          "sensitive_attributes": []
        }
      ]
    },
    {
      "mode": "managed",
      "type": "random_pet",
      "name": "pet-name",
      "provider": "provider[\"registry.terraform.io/hashicorp/random\"]",
      "instances": [
        {
          "schema_version": 0,
          "attributes": {
            "id": "MR.airedale",
            "keepers": null,
            "length": 1,
            "prefix": "MR",
            "separator": "."
          },
          "sensitive_attributes": []
        }
      ]
    }
  ],
  "check_results": null
}
